<?xml version="1.0" encoding="UTF-8"?>
<Scheme
   version = "1.3">
   <BuildAction>
      <BuildActionEntries>
         <BuildActionEntry
            buildForRunning = "YES">
            <BuildableReference
               BuildableIdentifier = "primary"
               BlueprintIdentifier = "71B811F75D804A76169C037B"
               BuildableName = "SCAlphaWebView.app"
               BlueprintName = "SCAlphaWebView"
               ReferencedContainer = "container:SCAlphaWebView.xcodeproj">
            </BuildableReference>
         </BuildActionEntry>
      </BuildActionEntries>
   </BuildAction>
   <LaunchAction
      useCustomWorkingDirectory = "NO"
      buildConfiguration = "Debug">
      <BuildableProductRunnable>
         <BuildableReference
            BuildableIdentifier = "primary"
            BlueprintIdentifier = "71B811F75D804A76169C037B"
            BuildableName = "SCAlphaWebView.app"
            BlueprintName = "SCAlphaWebView"
            ReferencedContainer = "container:SCAlphaWebView.xcodeproj">
         </BuildableReference>
      </BuildableProductRunnable>
   </LaunchAction>
</Scheme>
